// !$*UTF8*$!
{
	archiveVersion = 1;
	classes = {
	};
	objectVersion = 50;
	objects = {

/* Begin PBXBuildFile section */
		75483282239026C400115776 /* main.cpp in Sources */ = {isa = PBXBuildFile; fileRef = 75483281239026C400115776 /* main.cpp */; };
		755B30C6239D5D07001883CA /* light_shader.frag in Sources */ = {isa = PBXBuildFile; fileRef = 755B30C4239D5D07001883CA /* light_shader.frag */; };
		755B30C8239D5D33001883CA /* light_shader.vs in Sources */ = {isa = PBXBuildFile; fileRef = 755B30C7239D5D33001883CA /* light_shader.vs */; };
		755B30CA239D5D4B001883CA /* mirror_shader.frag in Sources */ = {isa = PBXBuildFile; fileRef = 755B30C9239D5D4B001883CA /* mirror_shader.frag */; };
		755B30CC239D5D5F001883CA /* mirror_shader.vs in Sources */ = {isa = PBXBuildFile; fileRef = 755B30CB239D5D5F001883CA /* mirror_shader.vs */; };
		755B30CE239D5D72001883CA /* sky_shader.frag in Sources */ = {isa = PBXBuildFile; fileRef = 755B30CD239D5D72001883CA /* sky_shader.frag */; };
		755B30D0239D5D86001883CA /* sky_shader.vs in Sources */ = {isa = PBXBuildFile; fileRef = 755B30CF239D5D86001883CA /* sky_shader.vs */; };
		755B30D2239D5E2F001883CA /* screen_shader.frag in Sources */ = {isa = PBXBuildFile; fileRef = 755B30D1239D5E2F001883CA /* screen_shader.frag */; };
		755B30D4239D5E42001883CA /* screen_shader.vs in Sources */ = {isa = PBXBuildFile; fileRef = 755B30D3239D5E42001883CA /* screen_shader.vs */; };
		755B30D8239D5F7A001883CA /* GLUT.framework in Frameworks */ = {isa = PBXBuildFile; fileRef = 755B30D6239D5F7A001883CA /* GLUT.framework */; };
		755B30D9239D5F7A001883CA /* OpenGL.framework in Frameworks */ = {isa = PBXBuildFile; fileRef = 755B30D7239D5F7A001883CA /* OpenGL.framework */; };
		755B30DB239D5FC0001883CA /* libGLEW.2.1.0.dylib in Frameworks */ = {isa = PBXBuildFile; fileRef = 755B30DA239D5FC0001883CA /* libGLEW.2.1.0.dylib */; };
		755B30DD239D5FD0001883CA /* libglfw.3.3.dylib in Frameworks */ = {isa = PBXBuildFile; fileRef = 755B30DC239D5FD0001883CA /* libglfw.3.3.dylib */; };
		756BF8BA23AE71BD00F7AD86 /* shadow_shader.vs in Sources */ = {isa = PBXBuildFile; fileRef = 756BF8B923AE71BD00F7AD86 /* shadow_shader.vs */; };
		7593109D239D624B00EA6534 /* lodepng.cpp in Sources */ = {isa = PBXBuildFile; fileRef = 7593109B239D624B00EA6534 /* lodepng.cpp */; };
		759310AD239D7C6A00EA6534 /* simple_shader.frag in Sources */ = {isa = PBXBuildFile; fileRef = 759310AC239D7C6A00EA6534 /* simple_shader.frag */; };
		759310AF239D7C8600EA6534 /* simple_shader.vs in Sources */ = {isa = PBXBuildFile; fileRef = 759310AE239D7C8600EA6534 /* simple_shader.vs */; };
		759310B1239D850900EA6534 /* lamp_shader.frag in Sources */ = {isa = PBXBuildFile; fileRef = 759310B0239D850900EA6534 /* lamp_shader.frag */; };
		759310B3239D851D00EA6534 /* lamp_shader.vs in Sources */ = {isa = PBXBuildFile; fileRef = 759310B2239D851D00EA6534 /* lamp_shader.vs */; };
		75B11B4A23AE753300A04960 /* shadow_shader.frag in Sources */ = {isa = PBXBuildFile; fileRef = 75B11B4923AE753300A04960 /* shadow_shader.frag */; };
		75B11B4D23AE8CDA00A04960 /* debug_quad_depth.vs in Sources */ = {isa = PBXBuildFile; fileRef = 75B11B4B23AE8CDA00A04960 /* debug_quad_depth.vs */; };
/* End PBXBuildFile section */

/* Begin PBXCopyFilesBuildPhase section */
		7548327C239026C400115776 /* CopyFiles */ = {
			isa = PBXCopyFilesBuildPhase;
			buildActionMask = 2147483647;
			dstPath = /usr/share/man/man1/;
			dstSubfolderSpec = 0;
			files = (
			);
			runOnlyForDeploymentPostprocessing = 1;
		};
/* End PBXCopyFilesBuildPhase section */

/* Begin PBXFileReference section */
		7548327E239026C400115776 /* Playground */ = {isa = PBXFileReference; explicitFileType = "compiled.mach-o.executable"; includeInIndex = 0; path = Playground; sourceTree = BUILT_PRODUCTS_DIR; };
		75483281239026C400115776 /* main.cpp */ = {isa = PBXFileReference; lastKnownFileType = sourcecode.cpp.cpp; path = main.cpp; sourceTree = "<group>"; };
		755B30C4239D5D07001883CA /* light_shader.frag */ = {isa = PBXFileReference; lastKnownFileType = sourcecode.glsl; path = light_shader.frag; sourceTree = "<group>"; };
		755B30C7239D5D33001883CA /* light_shader.vs */ = {isa = PBXFileReference; lastKnownFileType = sourcecode.glsl; path = light_shader.vs; sourceTree = "<group>"; };
		755B30C9239D5D4B001883CA /* mirror_shader.frag */ = {isa = PBXFileReference; lastKnownFileType = sourcecode.glsl; path = mirror_shader.frag; sourceTree = "<group>"; };
		755B30CB239D5D5F001883CA /* mirror_shader.vs */ = {isa = PBXFileReference; lastKnownFileType = sourcecode.glsl; path = mirror_shader.vs; sourceTree = "<group>"; };
		755B30CD239D5D72001883CA /* sky_shader.frag */ = {isa = PBXFileReference; lastKnownFileType = sourcecode.glsl; path = sky_shader.frag; sourceTree = "<group>"; };
		755B30CF239D5D86001883CA /* sky_shader.vs */ = {isa = PBXFileReference; lastKnownFileType = sourcecode.glsl; path = sky_shader.vs; sourceTree = "<group>"; };
		755B30D1239D5E2F001883CA /* screen_shader.frag */ = {isa = PBXFileReference; lastKnownFileType = sourcecode.glsl; path = screen_shader.frag; sourceTree = "<group>"; };
		755B30D3239D5E42001883CA /* screen_shader.vs */ = {isa = PBXFileReference; lastKnownFileType = sourcecode.glsl; path = screen_shader.vs; sourceTree = "<group>"; };
		755B30D6239D5F7A001883CA /* GLUT.framework */ = {isa = PBXFileReference; lastKnownFileType = wrapper.framework; name = GLUT.framework; path = System/Library/Frameworks/GLUT.framework; sourceTree = SDKROOT; };
		755B30D7239D5F7A001883CA /* OpenGL.framework */ = {isa = PBXFileReference; lastKnownFileType = wrapper.framework; name = OpenGL.framework; path = System/Library/Frameworks/OpenGL.framework; sourceTree = SDKROOT; };
		755B30DA239D5FC0001883CA /* libGLEW.2.1.0.dylib */ = {isa = PBXFileReference; lastKnownFileType = "compiled.mach-o.dylib"; name = libGLEW.2.1.0.dylib; path = ../../../../../../usr/local/Cellar/glew/2.1.0/lib/libGLEW.2.1.0.dylib; sourceTree = "<group>"; };
		755B30DC239D5FD0001883CA /* libglfw.3.3.dylib */ = {isa = PBXFileReference; lastKnownFileType = "compiled.mach-o.dylib"; name = libglfw.3.3.dylib; path = ../../../../../../usr/local/Cellar/glfw/3.3/lib/libglfw.3.3.dylib; sourceTree = "<group>"; };
		756BF8B923AE71BD00F7AD86 /* shadow_shader.vs */ = {isa = PBXFileReference; lastKnownFileType = sourcecode.glsl; path = shadow_shader.vs; sourceTree = "<group>"; };
		7593109B239D624B00EA6534 /* lodepng.cpp */ = {isa = PBXFileReference; fileEncoding = 4; lastKnownFileType = sourcecode.cpp.cpp; path = lodepng.cpp; sourceTree = "<group>"; };
		7593109C239D624B00EA6534 /* lodepng.h */ = {isa = PBXFileReference; fileEncoding = 4; lastKnownFileType = sourcecode.c.h; path = lodepng.h; sourceTree = "<group>"; };
		759310AB239D644300EA6534 /* shader.h */ = {isa = PBXFileReference; fileEncoding = 4; lastKnownFileType = sourcecode.c.h; path = shader.h; sourceTree = "<group>"; };
		759310AC239D7C6A00EA6534 /* simple_shader.frag */ = {isa = PBXFileReference; lastKnownFileType = sourcecode.glsl; path = simple_shader.frag; sourceTree = "<group>"; };
		759310AE239D7C8600EA6534 /* simple_shader.vs */ = {isa = PBXFileReference; lastKnownFileType = sourcecode.glsl; path = simple_shader.vs; sourceTree = "<group>"; };
		759310B0239D850900EA6534 /* lamp_shader.frag */ = {isa = PBXFileReference; lastKnownFileType = sourcecode.glsl; path = lamp_shader.frag; sourceTree = "<group>"; };
		759310B2239D851D00EA6534 /* lamp_shader.vs */ = {isa = PBXFileReference; lastKnownFileType = sourcecode.glsl; path = lamp_shader.vs; sourceTree = "<group>"; };
		75B11B4923AE753300A04960 /* shadow_shader.frag */ = {isa = PBXFileReference; lastKnownFileType = sourcecode.glsl; path = shadow_shader.frag; sourceTree = "<group>"; };
		75B11B4B23AE8CDA00A04960 /* debug_quad_depth.vs */ = {isa = PBXFileReference; lastKnownFileType = sourcecode.glsl; path = debug_quad_depth.vs; sourceTree = "<group>"; };
		75B11B4C23AE8CDA00A04960 /* debug_quad_depth.frag */ = {isa = PBXFileReference; lastKnownFileType = sourcecode.glsl; path = debug_quad_depth.frag; sourceTree = "<group>"; };
/* End PBXFileReference section */

/* Begin PBXFrameworksBuildPhase section */
		7548327B239026C400115776 /* Frameworks */ = {
			isa = PBXFrameworksBuildPhase;
			buildActionMask = 2147483647;
			files = (
				755B30DD239D5FD0001883CA /* libglfw.3.3.dylib in Frameworks */,
				755B30DB239D5FC0001883CA /* libGLEW.2.1.0.dylib in Frameworks */,
				755B30D8239D5F7A001883CA /* GLUT.framework in Frameworks */,
				755B30D9239D5F7A001883CA /* OpenGL.framework in Frameworks */,
			);
			runOnlyForDeploymentPostprocessing = 0;
		};
/* End PBXFrameworksBuildPhase section */

/* Begin PBXGroup section */
		75483275239026C400115776 = {
			isa = PBXGroup;
			children = (
				75483280239026C400115776 /* Playground */,
				7548327F239026C400115776 /* Products */,
				755B30D5239D5F7A001883CA /* Frameworks */,
			);
			sourceTree = "<group>";
		};
		7548327F239026C400115776 /* Products */ = {
			isa = PBXGroup;
			children = (
				7548327E239026C400115776 /* Playground */,
			);
			name = Products;
			sourceTree = "<group>";
		};
		75483280239026C400115776 /* Playground */ = {
			isa = PBXGroup;
			children = (
				75483281239026C400115776 /* main.cpp */,
				755B30C4239D5D07001883CA /* light_shader.frag */,
				755B30C7239D5D33001883CA /* light_shader.vs */,
				755B30C9239D5D4B001883CA /* mirror_shader.frag */,
				755B30CB239D5D5F001883CA /* mirror_shader.vs */,
				755B30CD239D5D72001883CA /* sky_shader.frag */,
				755B30CF239D5D86001883CA /* sky_shader.vs */,
				755B30D1239D5E2F001883CA /* screen_shader.frag */,
				755B30D3239D5E42001883CA /* screen_shader.vs */,
				759310B0239D850900EA6534 /* lamp_shader.frag */,
				759310B2239D851D00EA6534 /* lamp_shader.vs */,
				759310AC239D7C6A00EA6534 /* simple_shader.frag */,
				759310AE239D7C8600EA6534 /* simple_shader.vs */,
				7593109B239D624B00EA6534 /* lodepng.cpp */,
				7593109C239D624B00EA6534 /* lodepng.h */,
				756BF8B923AE71BD00F7AD86 /* shadow_shader.vs */,
				75B11B4923AE753300A04960 /* shadow_shader.frag */,
				75B11B4B23AE8CDA00A04960 /* debug_quad_depth.vs */,
				75B11B4C23AE8CDA00A04960 /* debug_quad_depth.frag */,
				759310AB239D644300EA6534 /* shader.h */,
			);
			path = Playground;
			sourceTree = "<group>";
		};
		755B30D5239D5F7A001883CA /* Frameworks */ = {
			isa = PBXGroup;
			children = (
				755B30DC239D5FD0001883CA /* libglfw.3.3.dylib */,
				755B30DA239D5FC0001883CA /* libGLEW.2.1.0.dylib */,
				755B30D6239D5F7A001883CA /* GLUT.framework */,
				755B30D7239D5F7A001883CA /* OpenGL.framework */,
			);
			name = Frameworks;
			sourceTree = "<group>";
		};
/* End PBXGroup section */

/* Begin PBXNativeTarget section */
		7548327D239026C400115776 /* Playground */ = {
			isa = PBXNativeTarget;
			buildConfigurationList = 75483285239026C400115776 /* Build configuration list for PBXNativeTarget "Playground" */;
			buildPhases = (
				7548327A239026C400115776 /* Sources */,
				7548327B239026C400115776 /* Frameworks */,
				7548327C239026C400115776 /* CopyFiles */,
			);
			buildRules = (
			);
			dependencies = (
			);
			name = Playground;
			productName = Playground;
			productReference = 7548327E239026C400115776 /* Playground */;
			productType = "com.apple.product-type.tool";
		};
/* End PBXNativeTarget section */

/* Begin PBXProject section */
		75483276239026C400115776 /* Project object */ = {
			isa = PBXProject;
			attributes = {
				LastUpgradeCheck = 1120;
				ORGANIZATIONNAME = room_1341;
				TargetAttributes = {
					7548327D239026C400115776 = {
						CreatedOnToolsVersion = 11.2.1;
					};
				};
			};
			buildConfigurationList = 75483279239026C400115776 /* Build configuration list for PBXProject "Playground" */;
			compatibilityVersion = "Xcode 9.3";
			developmentRegion = en;
			hasScannedForEncodings = 0;
			knownRegions = (
				en,
				Base,
			);
			mainGroup = 75483275239026C400115776;
			productRefGroup = 7548327F239026C400115776 /* Products */;
			projectDirPath = "";
			projectRoot = "";
			targets = (
				7548327D239026C400115776 /* Playground */,
			);
		};
/* End PBXProject section */

/* Begin PBXSourcesBuildPhase section */
		7548327A239026C400115776 /* Sources */ = {
			isa = PBXSourcesBuildPhase;
			buildActionMask = 2147483647;
			files = (
				755B30D2239D5E2F001883CA /* screen_shader.frag in Sources */,
				755B30CE239D5D72001883CA /* sky_shader.frag in Sources */,
				755B30D4239D5E42001883CA /* screen_shader.vs in Sources */,
				756BF8BA23AE71BD00F7AD86 /* shadow_shader.vs in Sources */,
				759310B1239D850900EA6534 /* lamp_shader.frag in Sources */,
				759310B3239D851D00EA6534 /* lamp_shader.vs in Sources */,
				75483282239026C400115776 /* main.cpp in Sources */,
				755B30D0239D5D86001883CA /* sky_shader.vs in Sources */,
				755B30C6239D5D07001883CA /* light_shader.frag in Sources */,
				755B30C8239D5D33001883CA /* light_shader.vs in Sources */,
				7593109D239D624B00EA6534 /* lodepng.cpp in Sources */,
				759310AD239D7C6A00EA6534 /* simple_shader.frag in Sources */,
				755B30CA239D5D4B001883CA /* mirror_shader.frag in Sources */,
				759310AF239D7C8600EA6534 /* simple_shader.vs in Sources */,
				75B11B4A23AE753300A04960 /* shadow_shader.frag in Sources */,
				75B11B4D23AE8CDA00A04960 /* debug_quad_depth.vs in Sources */,
				755B30CC239D5D5F001883CA /* mirror_shader.vs in Sources */,
			);
			runOnlyForDeploymentPostprocessing = 0;
		};
/* End PBXSourcesBuildPhase section */

/* Begin XCBuildConfiguration section */
		75483283239026C400115776 /* Debug */ = {
			isa = XCBuildConfiguration;
			buildSettings = {
				ALWAYS_SEARCH_USER_PATHS = NO;
				CLANG_ANALYZER_NONNULL = YES;
				CLANG_ANALYZER_NUMBER_OBJECT_CONVERSION = YES_AGGRESSIVE;
				CLANG_CXX_LANGUAGE_STANDARD = "gnu++14";
				CLANG_CXX_LIBRARY = "libc++";
				CLANG_ENABLE_MODULES = YES;
				CLANG_ENABLE_OBJC_ARC = YES;
				CLANG_ENABLE_OBJC_WEAK = YES;
				CLANG_WARN_BLOCK_CAPTURE_AUTORELEASING = YES;
				CLANG_WARN_BOOL_CONVERSION = YES;
				CLANG_WARN_COMMA = YES;
				CLANG_WARN_CONSTANT_CONVERSION = YES;
				CLANG_WARN_DEPRECATED_OBJC_IMPLEMENTATIONS = YES;
				CLANG_WARN_DIRECT_OBJC_ISA_USAGE = YES_ERROR;
				CLANG_WARN_DOCUMENTATION_COMMENTS = YES;
				CLANG_WARN_EMPTY_BODY = YES;
				CLANG_WARN_ENUM_CONVERSION = YES;
				CLANG_WARN_INFINITE_RECURSION = YES;
				CLANG_WARN_INT_CONVERSION = YES;
				CLANG_WARN_NON_LITERAL_NULL_CONVERSION = YES;
				CLANG_WARN_OBJC_IMPLICIT_RETAIN_SELF = YES;
				CLANG_WARN_OBJC_LITERAL_CONVERSION = YES;
				CLANG_WARN_OBJC_ROOT_CLASS = YES_ERROR;
				CLANG_WARN_RANGE_LOOP_ANALYSIS = YES;
				CLANG_WARN_STRICT_PROTOTYPES = YES;
				CLANG_WARN_SUSPICIOUS_MOVE = YES;
				CLANG_WARN_UNGUARDED_AVAILABILITY = YES_AGGRESSIVE;
				CLANG_WARN_UNREACHABLE_CODE = YES;
				CLANG_WARN__DUPLICATE_METHOD_MATCH = YES;
				COPY_PHASE_STRIP = NO;
				DEBUG_INFORMATION_FORMAT = dwarf;
				ENABLE_STRICT_OBJC_MSGSEND = YES;
				ENABLE_TESTABILITY = YES;
				GCC_C_LANGUAGE_STANDARD = gnu11;
				GCC_DYNAMIC_NO_PIC = NO;
				GCC_NO_COMMON_BLOCKS = YES;
				GCC_OPTIMIZATION_LEVEL = 0;
				GCC_PREPROCESSOR_DEFINITIONS = (
					"DEBUG=1",
					"$(inherited)",
				);
				GCC_WARN_64_TO_32_BIT_CONVERSION = YES;
				GCC_WARN_ABOUT_RETURN_TYPE = YES_ERROR;
				GCC_WARN_UNDECLARED_SELECTOR = YES;
				GCC_WARN_UNINITIALIZED_AUTOS = YES_AGGRESSIVE;
				GCC_WARN_UNUSED_FUNCTION = YES;
				GCC_WARN_UNUSED_VARIABLE = YES;
				MACOSX_DEPLOYMENT_TARGET = 10.14;
				MTL_ENABLE_DEBUG_INFO = INCLUDE_SOURCE;
				MTL_FAST_MATH = YES;
				ONLY_ACTIVE_ARCH = YES;
				SDKROOT = macosx;
			};
			name = Debug;
		};
		75483284239026C400115776 /* Release */ = {
			isa = XCBuildConfiguration;
			buildSettings = {
				ALWAYS_SEARCH_USER_PATHS = NO;
				CLANG_ANALYZER_NONNULL = YES;
				CLANG_ANALYZER_NUMBER_OBJECT_CONVERSION = YES_AGGRESSIVE;
				CLANG_CXX_LANGUAGE_STANDARD = "gnu++14";
				CLANG_CXX_LIBRARY = "libc++";
				CLANG_ENABLE_MODULES = YES;
				CLANG_ENABLE_OBJC_ARC = YES;
				CLANG_ENABLE_OBJC_WEAK = YES;
				CLANG_WARN_BLOCK_CAPTURE_AUTORELEASING = YES;
				CLANG_WARN_BOOL_CONVERSION = YES;
				CLANG_WARN_COMMA = YES;
				CLANG_WARN_CONSTANT_CONVERSION = YES;
				CLANG_WARN_DEPRECATED_OBJC_IMPLEMENTATIONS = YES;
				CLANG_WARN_DIRECT_OBJC_ISA_USAGE = YES_ERROR;
				CLANG_WARN_DOCUMENTATION_COMMENTS = YES;
				CLANG_WARN_EMPTY_BODY = YES;
				CLANG_WARN_ENUM_CONVERSION = YES;
				CLANG_WARN_INFINITE_RECURSION = YES;
				CLANG_WARN_INT_CONVERSION = YES;
				CLANG_WARN_NON_LITERAL_NULL_CONVERSION = YES;
				CLANG_WARN_OBJC_IMPLICIT_RETAIN_SELF = YES;
				CLANG_WARN_OBJC_LITERAL_CONVERSION = YES;
				CLANG_WARN_OBJC_ROOT_CLASS = YES_ERROR;
				CLANG_WARN_RANGE_LOOP_ANALYSIS = YES;
				CLANG_WARN_STRICT_PROTOTYPES = YES;
				CLANG_WARN_SUSPICIOUS_MOVE = YES;
				CLANG_WARN_UNGUARDED_AVAILABILITY = YES_AGGRESSIVE;
				CLANG_WARN_UNREACHABLE_CODE = YES;
				CLANG_WARN__DUPLICATE_METHOD_MATCH = YES;
				COPY_PHASE_STRIP = NO;
				DEBUG_INFORMATION_FORMAT = "dwarf-with-dsym";
				ENABLE_NS_ASSERTIONS = NO;
				ENABLE_STRICT_OBJC_MSGSEND = YES;
				GCC_C_LANGUAGE_STANDARD = gnu11;
				GCC_NO_COMMON_BLOCKS = YES;
				GCC_WARN_64_TO_32_BIT_CONVERSION = YES;
				GCC_WARN_ABOUT_RETURN_TYPE = YES_ERROR;
				GCC_WARN_UNDECLARED_SELECTOR = YES;
				GCC_WARN_UNINITIALIZED_AUTOS = YES_AGGRESSIVE;
				GCC_WARN_UNUSED_FUNCTION = YES;
				GCC_WARN_UNUSED_VARIABLE = YES;
				MACOSX_DEPLOYMENT_TARGET = 10.14;
				MTL_ENABLE_DEBUG_INFO = NO;
				MTL_FAST_MATH = YES;
				SDKROOT = macosx;
			};
			name = Release;
		};
		75483286239026C400115776 /* Debug */ = {
			isa = XCBuildConfiguration;
			buildSettings = {
				CODE_SIGN_STYLE = Automatic;
				HEADER_SEARCH_PATHS = (
					/usr/local/Cellar/glfw/3.3/include,
					/usr/local/Cellar/glew/2.1.0/include,
					/usr/local/Cellar/glm/0.9.9.5/include,
				);
				LIBRARY_SEARCH_PATHS = (
					"$(inherited)",
					/usr/local/Cellar/glew/2.1.0/lib,
					/usr/local/Cellar/glfw/3.3/lib,
				);
				PRODUCT_NAME = "$(TARGET_NAME)";
			};
			name = Debug;
		};
		75483287239026C400115776 /* Release */ = {
			isa = XCBuildConfiguration;
			buildSettings = {
				CODE_SIGN_STYLE = Automatic;
				HEADER_SEARCH_PATHS = (
					/usr/local/Cellar/glfw/3.3/include,
					/usr/local/Cellar/glew/2.1.0/include,
					/usr/local/Cellar/glm/0.9.9.5/include,
				);
				LIBRARY_SEARCH_PATHS = (
					"$(inherited)",
					/usr/local/Cellar/glew/2.1.0/lib,
					/usr/local/Cellar/glfw/3.3/lib,
				);
				PRODUCT_NAME = "$(TARGET_NAME)";
			};
			name = Release;
		};
/* End XCBuildConfiguration section */

/* Begin XCConfigurationList section */
		75483279239026C400115776 /* Build configuration list for PBXProject "Playground" */ = {
			isa = XCConfigurationList;
			buildConfigurations = (
				75483283239026C400115776 /* Debug */,
				75483284239026C400115776 /* Release */,
			);
			defaultConfigurationIsVisible = 0;
			defaultConfigurationName = Release;
		};
		75483285239026C400115776 /* Build configuration list for PBXNativeTarget "Playground" */ = {
			isa = XCConfigurationList;
			buildConfigurations = (
				75483286239026C400115776 /* Debug */,
				75483287239026C400115776 /* Release */,
			);
			defaultConfigurationIsVisible = 0;
			defaultConfigurationName = Release;
		};
/* End XCConfigurationList section */
	};
	rootObject = 75483276239026C400115776 /* Project object */;
}
